
Microsoft Visual Studio Solution File, Format Version 12.00
# Visual Studio Version 16
VisualStudioVersion = 16.0.29025.244
MinimumVisualStudioVersion = 10.0.40219.1
Project("{FAE04EC0-301F-11D3-BF4B-00C04F79EFBC}") = "Conversor Binário-Decimal", "Conversor Binário-Decimal.csproj", "{8F6A0B47-5042-4C41-AD89-6CD9E9AD592C}"
EndProject
Global
	GlobalSection(SolutionConfigurationPlatforms) = preSolution
		Debug|Any CPU = Debug|Any CPU
		Release|Any CPU = Release|Any CPU
	EndGlobalSection
	GlobalSection(ProjectConfigurationPlatforms) = postSolution
		{8F6A0B47-5042-4C41-AD89-6CD9E9AD592C}.Debug|Any CPU.ActiveCfg = Debug|Any CPU
		{8F6A0B47-5042-4C41-AD89-6CD9E9AD592C}.Debug|Any CPU.Build.0 = Debug|Any CPU
		{8F6A0B47-5042-4C41-AD89-6CD9E9AD592C}.Release|Any CPU.ActiveCfg = Release|Any CPU
		{8F6A0B47-5042-4C41-AD89-6CD9E9AD592C}.Release|Any CPU.Build.0 = Release|Any CPU
	EndGlobalSection
	GlobalSection(SolutionProperties) = preSolution
		HideSolutionNode = FALSE
	EndGlobalSection
	GlobalSection(ExtensibilityGlobals) = postSolution
		SolutionGuid = {6D857D86-09D8-46C9-ADAA-4D827B9425D5}
	EndGlobalSection
EndGlobal
